{
  "lockfile_version": "1",
  "packages": {
    "github:NixOS/nixpkgs/nixpkgs-unstable": {
      "last_modified": "2026-08-03T09:05:39Z",
      "resolved": "github:NixOS/nixpkgs/104240a772428cc2e20d8fd86c9ddbb886bbaff2?lastModified=1785747939&narHash=sha256-D740uKsMbgsfK2oaDenJLLPIZfq7W0%2Fg4KN%2FFls8eKs%3D"
    },
    "nodejs@22": {
      "last_modified": "2026-08-01T16:34:20Z",
      "plugin_version": "0.0.4",
      "resolved": "github:NixOS/nixpkgs/a5cbcfe954791221bfffe2307f7d1a1bf61a871e#nodejs_22",
      "source": "devbox-search",
      "version": "22.23.2",
      "systems": {
        "aarch64-darwin": {
          "outputs": [
            {
              "name": "out",
              "path": "/nix/store/s0qzknz77k3lzikgywx2piilfp8w0581-nodejs-22.23.2",
              "default": true
            }
          ],
          "store_path": "/nix/store/s0qzknz77k3lzikgywx2piilfp8w0581-nodejs-22.23.2"
        },
        "aarch64-linux": {
          "outputs": [
            {
              "name": "out",
              "path": "/nix/store/i7dq81ramvcyrzasgv8qbf07rgfiqiai-nodejs-22.23.2",
              "default": true
            }
          ],
          "store_path": "/nix/store/i7dq81ramvcyrzasgv8qbf07rgfiqiai-nodejs-22.23.2"
        },
        "x86_64-linux": {
          "outputs": [
            {
              "name": "out",
              "path": "/nix/store/3vm4j8im8bzdal3dsgmhv9gb5kvanbp1-nodejs-22.23.2",
              "default": true
            }
          ],
          "store_path": "/nix/store/3vm4j8im8bzdal3dsgmhv9gb5kvanbp1-nodejs-22.23.2"
        }
      }
    },
    "yarn@1.22": {
      "last_modified": "2026-08-01T16:34:20Z",
      "resolved": "github:NixOS/nixpkgs/a5cbcfe954791221bfffe2307f7d1a1bf61a871e#yarn",
      "source": "devbox-search",
      "version": "1.22.22",
      "systems": {
        "aarch64-darwin": {
          "outputs": [
            {
              "name": "out",
              "path": "/nix/store/729a7d8ap0zm5by7a9qnn3cwd3dnfwra-yarn-1.22.22",
              "default": true
            }
          ],
          "store_path": "/nix/store/729a7d8ap0zm5by7a9qnn3cwd3dnfwra-yarn-1.22.22"
        },
        "aarch64-linux": {
          "outputs": [
            {
              "name": "out",
              "path": "/nix/store/pxq84iy34svypyr02xg0nn97803g4mzi-yarn-1.22.22",
              "default": true
            }
          ],
          "store_path": "/nix/store/pxq84iy34svypyr02xg0nn97803g4mzi-yarn-1.22.22"
        },
        "x86_64-darwin": {
          "outputs": [
            {
              "name": "out",
              "path": "/nix/store/ypqd29hkv7w6gdsaix8r186w2syvirn9-yarn-1.22.22",
              "default": true
            }
          ],
          "store_path": "/nix/store/ypqd29hkv7w6gdsaix8r186w2syvirn9-yarn-1.22.22"
        },
        "x86_64-linux": {
          "outputs": [
            {
              "name": "out",
              "path": "/nix/store/kcv7x69palz6x8ls6i1m6x15nvmk0pwq-yarn-1.22.22",
              "default": true
            }
          ],
          "store_path": "/nix/store/kcv7x69palz6x8ls6i1m6x15nvmk0pwq-yarn-1.22.22"
        }
      }
    }
  }
}
